
Microsoft Visual Studio Solution File, Format Version 12.00
# Visual Studio 2013
VisualStudioVersion = 12.0.30723.0
MinimumVisualStudioVersion = 10.0.40219.1
Project("{FAE04EC0-301F-11D3-BF4B-00C04F79EFBC}") = "Web", "Web\Web.csproj", "{7EB54A19-B4B2-4C2B-B311-4351980FA45D}"
EndProject
Project("{FAE04EC0-301F-11D3-BF4B-00C04F79EFBC}") = "Core", "Core\Core.csproj", "{ACCCD678-4259-4447-BE05-194475BBEE67}"
EndProject
Project("{2150E333-8FDC-42A3-9474-1A3956D46DE8}") = "Tests", "Tests", "{DFA4DE86-929D-41CD-9443-4F73FC8BE7E0}"
EndProject
Project("{FAE04EC0-301F-11D3-BF4B-00C04F79EFBC}") = "Core.UnitTests", "Core.UnitTests\Core.UnitTests.csproj", "{DFD71043-FD2C-4DD8-8F24-B2621C36814D}"
EndProject
Project("{FAE04EC0-301F-11D3-BF4B-00C04F79EFBC}") = "Core.IntegrationTests", "Core.IntegrationTests\Core.IntegrationTests.csproj", "{D42A43FD-FDD0-4734-BA72-A41BBEEAED40}"
EndProject
Project("{FAE04EC0-301F-11D3-BF4B-00C04F79EFBC}") = "Console", "Cqrs.Console\Console.csproj", "{20CBC209-E17A-40D1-B5A7-F97158384D87}"
EndProject
Project("{2150E333-8FDC-42A3-9474-1A3956D46DE8}") = ".nuget", ".nuget", "{81DEE37C-0874-4FD7-A8A2-EDE5DD1D3640}"
	ProjectSection(SolutionItems) = preProject
		.nuget\NuGet.Config = .nuget\NuGet.Config
		.nuget\NuGet.exe = .nuget\NuGet.exe
		.nuget\NuGet.targets = .nuget\NuGet.targets
	EndProjectSection
EndProject
Global
	GlobalSection(SolutionConfigurationPlatforms) = preSolution
		Debug|Any CPU = Debug|Any CPU
		Release|Any CPU = Release|Any CPU
	EndGlobalSection
	GlobalSection(ProjectConfigurationPlatforms) = postSolution
		{7EB54A19-B4B2-4C2B-B311-4351980FA45D}.Debug|Any CPU.ActiveCfg = Debug|Any CPU
		{7EB54A19-B4B2-4C2B-B311-4351980FA45D}.Debug|Any CPU.Build.0 = Debug|Any CPU
		{7EB54A19-B4B2-4C2B-B311-4351980FA45D}.Release|Any CPU.ActiveCfg = Release|Any CPU
		{7EB54A19-B4B2-4C2B-B311-4351980FA45D}.Release|Any CPU.Build.0 = Release|Any CPU
		{ACCCD678-4259-4447-BE05-194475BBEE67}.Debug|Any CPU.ActiveCfg = Debug|Any CPU
		{ACCCD678-4259-4447-BE05-194475BBEE67}.Debug|Any CPU.Build.0 = Debug|Any CPU
		{ACCCD678-4259-4447-BE05-194475BBEE67}.Release|Any CPU.ActiveCfg = Release|Any CPU
		{ACCCD678-4259-4447-BE05-194475BBEE67}.Release|Any CPU.Build.0 = Release|Any CPU
		{DFD71043-FD2C-4DD8-8F24-B2621C36814D}.Debug|Any CPU.ActiveCfg = Debug|Any CPU
		{DFD71043-FD2C-4DD8-8F24-B2621C36814D}.Debug|Any CPU.Build.0 = Debug|Any CPU
		{DFD71043-FD2C-4DD8-8F24-B2621C36814D}.Release|Any CPU.ActiveCfg = Release|Any CPU
		{DFD71043-FD2C-4DD8-8F24-B2621C36814D}.Release|Any CPU.Build.0 = Release|Any CPU
		{D42A43FD-FDD0-4734-BA72-A41BBEEAED40}.Debug|Any CPU.ActiveCfg = Debug|Any CPU
		{D42A43FD-FDD0-4734-BA72-A41BBEEAED40}.Debug|Any CPU.Build.0 = Debug|Any CPU
		{D42A43FD-FDD0-4734-BA72-A41BBEEAED40}.Release|Any CPU.ActiveCfg = Release|Any CPU
		{D42A43FD-FDD0-4734-BA72-A41BBEEAED40}.Release|Any CPU.Build.0 = Release|Any CPU
		{20CBC209-E17A-40D1-B5A7-F97158384D87}.Debug|Any CPU.ActiveCfg = Debug|Any CPU
		{20CBC209-E17A-40D1-B5A7-F97158384D87}.Debug|Any CPU.Build.0 = Debug|Any CPU
		{20CBC209-E17A-40D1-B5A7-F97158384D87}.Release|Any CPU.ActiveCfg = Release|Any CPU
		{20CBC209-E17A-40D1-B5A7-F97158384D87}.Release|Any CPU.Build.0 = Release|Any CPU
	EndGlobalSection
	GlobalSection(SolutionProperties) = preSolution
		HideSolutionNode = FALSE
	EndGlobalSection
	GlobalSection(NestedProjects) = preSolution
		{DFD71043-FD2C-4DD8-8F24-B2621C36814D} = {DFA4DE86-929D-41CD-9443-4F73FC8BE7E0}
		{D42A43FD-FDD0-4734-BA72-A41BBEEAED40} = {DFA4DE86-929D-41CD-9443-4F73FC8BE7E0}
	EndGlobalSection
EndGlobal
